// !$*UTF8*$!
{
	archiveVersion = 1;
	classes = {
	};
	objectVersion = 48;
	objects = {

/* Begin PBXBuildFile section */
		EA067FE41FED5CCD00F962B1 /* QQMessageInvoke.m in Sources */ = {isa = PBXBuildFile; fileRef = EA067FE31FED5CCD00F962B1 /* QQMessageInvoke.m */; };
		EA067FEE1FED5FAB00F962B1 /* libsubstitute.dylib in Frameworks */ = {isa = PBXBuildFile; fileRef = EA067FED1FED5FAB00F962B1 /* libsubstitute.dylib */; };
/* End PBXBuildFile section */

/* Begin PBXFileReference section */
		EA067FDE1FED5CCD00F962B1 /* libQQMessageInvoke.dylib */ = {isa = PBXFileReference; explicitFileType = "compiled.mach-o.dylib"; includeInIndex = 0; path = libQQMessageInvoke.dylib; sourceTree = BUILT_PRODUCTS_DIR; };
		EA067FE31FED5CCD00F962B1 /* QQMessageInvoke.m */ = {isa = PBXFileReference; lastKnownFileType = sourcecode.c.objc; path = QQMessageInvoke.m; sourceTree = "<group>"; };
		EA067FEC1FED5DB100F962B1 /* substrate.h */ = {isa = PBXFileReference; lastKnownFileType = sourcecode.c.h; path = substrate.h; sourceTree = "<group>"; };
		EA067FED1FED5FAB00F962B1 /* libsubstitute.dylib */ = {isa = PBXFileReference; lastKnownFileType = "compiled.mach-o.dylib"; path = libsubstitute.dylib; sourceTree = "<group>"; };
/* End PBXFileReference section */

/* Begin PBXFrameworksBuildPhase section */
		EA067FDB1FED5CCD00F962B1 /* Frameworks */ = {
			isa = PBXFrameworksBuildPhase;
			buildActionMask = 2147483647;
			files = (
				EA067FEE1FED5FAB00F962B1 /* libsubstitute.dylib in Frameworks */,
			);
			runOnlyForDeploymentPostprocessing = 0;
		};
/* End PBXFrameworksBuildPhase section */

/* Begin PBXGroup section */
		EA067FD51FED5CCD00F962B1 = {
			isa = PBXGroup;
			children = (
				EA067FE01FED5CCD00F962B1 /* QQMessageInvoke */,
				EA067FDF1FED5CCD00F962B1 /* Products */,
			);
			sourceTree = "<group>";
		};
		EA067FDF1FED5CCD00F962B1 /* Products */ = {
			isa = PBXGroup;
			children = (
				EA067FDE1FED5CCD00F962B1 /* libQQMessageInvoke.dylib */,
			);
			name = Products;
			sourceTree = "<group>";
		};
		EA067FE01FED5CCD00F962B1 /* QQMessageInvoke */ = {
			isa = PBXGroup;
			children = (
				EA067FEB1FED5D8200F962B1 /* substrate */,
				EA067FE31FED5CCD00F962B1 /* QQMessageInvoke.m */,
			);
			path = QQMessageInvoke;
			sourceTree = "<group>";
		};
		EA067FEB1FED5D8200F962B1 /* substrate */ = {
			isa = PBXGroup;
			children = (
				EA067FED1FED5FAB00F962B1 /* libsubstitute.dylib */,
				EA067FEC1FED5DB100F962B1 /* substrate.h */,
			);
			path = substrate;
			sourceTree = "<group>";
		};
/* End PBXGroup section */

/* Begin PBXHeadersBuildPhase section */
		EA067FDC1FED5CCD00F962B1 /* Headers */ = {
			isa = PBXHeadersBuildPhase;
			buildActionMask = 2147483647;
			files = (
			);
			runOnlyForDeploymentPostprocessing = 0;
		};
/* End PBXHeadersBuildPhase section */

/* Begin PBXNativeTarget section */
		EA067FDD1FED5CCD00F962B1 /* QQMessageInvoke */ = {
			isa = PBXNativeTarget;
			buildConfigurationList = EA067FE71FED5CCD00F962B1 /* Build configuration list for PBXNativeTarget "QQMessageInvoke" */;
			buildPhases = (
				EA067FDA1FED5CCD00F962B1 /* Sources */,
				EA067FDB1FED5CCD00F962B1 /* Frameworks */,
				EA067FDC1FED5CCD00F962B1 /* Headers */,
			);
			buildRules = (
			);
			dependencies = (
			);
			name = QQMessageInvoke;
			productName = QQMessageInvoke;
			productReference = EA067FDE1FED5CCD00F962B1 /* libQQMessageInvoke.dylib */;
			productType = "com.apple.product-type.library.dynamic";
		};
/* End PBXNativeTarget section */

/* Begin PBXProject section */
		EA067FD61FED5CCD00F962B1 /* Project object */ = {
			isa = PBXProject;
			attributes = {
				LastUpgradeCheck = 0910;
				ORGANIZATIONNAME = lonecloud;
				TargetAttributes = {
					EA067FDD1FED5CCD00F962B1 = {
						CreatedOnToolsVersion = 9.1;
						ProvisioningStyle = Automatic;
					};
				};
			};
			buildConfigurationList = EA067FD91FED5CCD00F962B1 /* Build configuration list for PBXProject "QQMessageInvoke" */;
			compatibilityVersion = "Xcode 8.0";
			developmentRegion = en;
			hasScannedForEncodings = 0;
			knownRegions = (
				en,
			);
			mainGroup = EA067FD51FED5CCD00F962B1;
			productRefGroup = EA067FDF1FED5CCD00F962B1 /* Products */;
			projectDirPath = "";
			projectRoot = "";
			targets = (
				EA067FDD1FED5CCD00F962B1 /* QQMessageInvoke */,
			);
		};
/* End PBXProject section */

/* Begin PBXSourcesBuildPhase section */
		EA067FDA1FED5CCD00F962B1 /* Sources */ = {
			isa = PBXSourcesBuildPhase;
			buildActionMask = 2147483647;
			files = (
				EA067FE41FED5CCD00F962B1 /* QQMessageInvoke.m in Sources */,
			);
			runOnlyForDeploymentPostprocessing = 0;
		};
/* End PBXSourcesBuildPhase section */

/* Begin XCBuildConfiguration section */
		EA067FE51FED5CCD00F962B1 /* Debug */ = {
			isa = XCBuildConfiguration;
			buildSettings = {
				ALWAYS_SEARCH_USER_PATHS = NO;
				CLANG_ANALYZER_NONNULL = YES;
				CLANG_ANALYZER_NUMBER_OBJECT_CONVERSION = YES_AGGRESSIVE;
				CLANG_CXX_LANGUAGE_STANDARD = "gnu++14";
				CLANG_CXX_LIBRARY = "libc++";
				CLANG_ENABLE_MODULES = YES;
				CLANG_ENABLE_OBJC_ARC = YES;
				CLANG_WARN_BLOCK_CAPTURE_AUTORELEASING = YES;
				CLANG_WARN_BOOL_CONVERSION = YES;
				CLANG_WARN_COMMA = YES;
				CLANG_WARN_CONSTANT_CONVERSION = YES;
				CLANG_WARN_DIRECT_OBJC_ISA_USAGE = YES_ERROR;
				CLANG_WARN_DOCUMENTATION_COMMENTS = YES;
				CLANG_WARN_EMPTY_BODY = YES;
				CLANG_WARN_ENUM_CONVERSION = YES;
				CLANG_WARN_INFINITE_RECURSION = YES;
				CLANG_WARN_INT_CONVERSION = YES;
				CLANG_WARN_NON_LITERAL_NULL_CONVERSION = YES;
				CLANG_WARN_OBJC_LITERAL_CONVERSION = YES;
				CLANG_WARN_OBJC_ROOT_CLASS = YES_ERROR;
				CLANG_WARN_RANGE_LOOP_ANALYSIS = YES;
				CLANG_WARN_STRICT_PROTOTYPES = YES;
				CLANG_WARN_SUSPICIOUS_MOVE = YES;
				CLANG_WARN_UNGUARDED_AVAILABILITY = YES_AGGRESSIVE;
				CLANG_WARN_UNREACHABLE_CODE = YES;
				CLANG_WARN__DUPLICATE_METHOD_MATCH = YES;
				CODE_SIGN_IDENTITY = "Mac Developer";
				COPY_PHASE_STRIP = NO;
				DEBUG_INFORMATION_FORMAT = dwarf;
				ENABLE_STRICT_OBJC_MSGSEND = YES;
				ENABLE_TESTABILITY = YES;
				GCC_C_LANGUAGE_STANDARD = gnu11;
				GCC_DYNAMIC_NO_PIC = NO;
				GCC_NO_COMMON_BLOCKS = YES;
				GCC_OPTIMIZATION_LEVEL = 0;
				GCC_PREPROCESSOR_DEFINITIONS = (
					"DEBUG=1",
					"$(inherited)",
				);
				GCC_WARN_64_TO_32_BIT_CONVERSION = YES;
				GCC_WARN_ABOUT_RETURN_TYPE = YES_ERROR;
				GCC_WARN_UNDECLARED_SELECTOR = YES;
				GCC_WARN_UNINITIALIZED_AUTOS = YES_AGGRESSIVE;
				GCC_WARN_UNUSED_FUNCTION = YES;
				GCC_WARN_UNUSED_VARIABLE = YES;
				MACOSX_DEPLOYMENT_TARGET = 10.12;
				MTL_ENABLE_DEBUG_INFO = YES;
				ONLY_ACTIVE_ARCH = YES;
				SDKROOT = macosx;
			};
			name = Debug;
		};
		EA067FE61FED5CCD00F962B1 /* Release */ = {
			isa = XCBuildConfiguration;
			buildSettings = {
				ALWAYS_SEARCH_USER_PATHS = NO;
				CLANG_ANALYZER_NONNULL = YES;
				CLANG_ANALYZER_NUMBER_OBJECT_CONVERSION = YES_AGGRESSIVE;
				CLANG_CXX_LANGUAGE_STANDARD = "gnu++14";
				CLANG_CXX_LIBRARY = "libc++";
				CLANG_ENABLE_MODULES = YES;
				CLANG_ENABLE_OBJC_ARC = YES;
				CLANG_WARN_BLOCK_CAPTURE_AUTORELEASING = YES;
				CLANG_WARN_BOOL_CONVERSION = YES;
				CLANG_WARN_COMMA = YES;
				CLANG_WARN_CONSTANT_CONVERSION = YES;
				CLANG_WARN_DIRECT_OBJC_ISA_USAGE = YES_ERROR;
				CLANG_WARN_DOCUMENTATION_COMMENTS = YES;
				CLANG_WARN_EMPTY_BODY = YES;
				CLANG_WARN_ENUM_CONVERSION = YES;
				CLANG_WARN_INFINITE_RECURSION = YES;
				CLANG_WARN_INT_CONVERSION = YES;
				CLANG_WARN_NON_LITERAL_NULL_CONVERSION = YES;
				CLANG_WARN_OBJC_LITERAL_CONVERSION = YES;
				CLANG_WARN_OBJC_ROOT_CLASS = YES_ERROR;
				CLANG_WARN_RANGE_LOOP_ANALYSIS = YES;
				CLANG_WARN_STRICT_PROTOTYPES = YES;
				CLANG_WARN_SUSPICIOUS_MOVE = YES;
				CLANG_WARN_UNGUARDED_AVAILABILITY = YES_AGGRESSIVE;
				CLANG_WARN_UNREACHABLE_CODE = YES;
				CLANG_WARN__DUPLICATE_METHOD_MATCH = YES;
				CODE_SIGN_IDENTITY = "Mac Developer";
				COPY_PHASE_STRIP = NO;
				DEBUG_INFORMATION_FORMAT = "dwarf-with-dsym";
				ENABLE_NS_ASSERTIONS = NO;
				ENABLE_STRICT_OBJC_MSGSEND = YES;
				GCC_C_LANGUAGE_STANDARD = gnu11;
				GCC_NO_COMMON_BLOCKS = YES;
				GCC_WARN_64_TO_32_BIT_CONVERSION = YES;
				GCC_WARN_ABOUT_RETURN_TYPE = YES_ERROR;
				GCC_WARN_UNDECLARED_SELECTOR = YES;
				GCC_WARN_UNINITIALIZED_AUTOS = YES_AGGRESSIVE;
				GCC_WARN_UNUSED_FUNCTION = YES;
				GCC_WARN_UNUSED_VARIABLE = YES;
				MACOSX_DEPLOYMENT_TARGET = 10.12;
				MTL_ENABLE_DEBUG_INFO = NO;
				SDKROOT = macosx;
			};
			name = Release;
		};
		EA067FE81FED5CCD00F962B1 /* Debug */ = {
			isa = XCBuildConfiguration;
			buildSettings = {
				CODE_SIGN_STYLE = Automatic;
				DEVELOPMENT_TEAM = 9YD63P593S;
				DYLIB_COMPATIBILITY_VERSION = 1;
				DYLIB_CURRENT_VERSION = 1;
				EXECUTABLE_PREFIX = lib;
				LIBRARY_SEARCH_PATHS = (
					"$(inherited)",
					"$(PROJECT_DIR)/QQMessageInvoke/substrate",
				);
				PRODUCT_NAME = "$(TARGET_NAME)";
			};
			name = Debug;
		};
		EA067FE91FED5CCD00F962B1 /* Release */ = {
			isa = XCBuildConfiguration;
			buildSettings = {
				CODE_SIGN_STYLE = Automatic;
				DEVELOPMENT_TEAM = 9YD63P593S;
				DYLIB_COMPATIBILITY_VERSION = 1;
				DYLIB_CURRENT_VERSION = 1;
				EXECUTABLE_PREFIX = lib;
				LIBRARY_SEARCH_PATHS = (
					"$(inherited)",
					"$(PROJECT_DIR)/QQMessageInvoke/substrate",
				);
				PRODUCT_NAME = "$(TARGET_NAME)";
			};
			name = Release;
		};
/* End XCBuildConfiguration section */

/* Begin XCConfigurationList section */
		EA067FD91FED5CCD00F962B1 /* Build configuration list for PBXProject "QQMessageInvoke" */ = {
			isa = XCConfigurationList;
			buildConfigurations = (
				EA067FE51FED5CCD00F962B1 /* Debug */,
				EA067FE61FED5CCD00F962B1 /* Release */,
			);
			defaultConfigurationIsVisible = 0;
			defaultConfigurationName = Release;
		};
		EA067FE71FED5CCD00F962B1 /* Build configuration list for PBXNativeTarget "QQMessageInvoke" */ = {
			isa = XCConfigurationList;
			buildConfigurations = (
				EA067FE81FED5CCD00F962B1 /* Debug */,
				EA067FE91FED5CCD00F962B1 /* Release */,
			);
			defaultConfigurationIsVisible = 0;
			defaultConfigurationName = Release;
		};
/* End XCConfigurationList section */
	};
	rootObject = EA067FD61FED5CCD00F962B1 /* Project object */;
}
